
Microsoft Visual Studio Solution File, Format Version 12.00
Project("{FAE04EC0-301F-11D3-BF4B-00C04F79EFBC}") = "SudokuSolver.Cli", "SudokuSolver.Cli\SudokuSolver.Cli.csproj", "{4E93400A-3F0F-4A35-BEBF-7416A42D60BA}"
EndProject
Project("{FAE04EC0-301F-11D3-BF4B-00C04F79EFBC}") = "SudokuSolver.Core", "SudokuSolver.Core\SudokuSolver.Core.csproj", "{7CEEA1C8-6AF0-44E5-B89C-50EFE0A41CB3}"
EndProject
Project("{FAE04EC0-301F-11D3-BF4B-00C04F79EFBC}") = "SudokuSolver.Tests", "SudokuSolver.Tests\SudokuSolver.Tests.csproj", "{4BB8E0BE-D987-4CD2-B813-1A75DB9E9093}"
EndProject
Global
	GlobalSection(SolutionConfigurationPlatforms) = preSolution
		Debug|Any CPU = Debug|Any CPU
		Release|Any CPU = Release|Any CPU
	EndGlobalSection
	GlobalSection(ProjectConfigurationPlatforms) = postSolution
		{4E93400A-3F0F-4A35-BEBF-7416A42D60BA}.Debug|Any CPU.ActiveCfg = Debug|Any CPU
		{4E93400A-3F0F-4A35-BEBF-7416A42D60BA}.Debug|Any CPU.Build.0 = Debug|Any CPU
		{4E93400A-3F0F-4A35-BEBF-7416A42D60BA}.Release|Any CPU.ActiveCfg = Release|Any CPU
		{4E93400A-3F0F-4A35-BEBF-7416A42D60BA}.Release|Any CPU.Build.0 = Release|Any CPU
		{7CEEA1C8-6AF0-44E5-B89C-50EFE0A41CB3}.Debug|Any CPU.ActiveCfg = Debug|Any CPU
		{7CEEA1C8-6AF0-44E5-B89C-50EFE0A41CB3}.Debug|Any CPU.Build.0 = Debug|Any CPU
		{7CEEA1C8-6AF0-44E5-B89C-50EFE0A41CB3}.Release|Any CPU.ActiveCfg = Release|Any CPU
		{7CEEA1C8-6AF0-44E5-B89C-50EFE0A41CB3}.Release|Any CPU.Build.0 = Release|Any CPU
		{4BB8E0BE-D987-4CD2-B813-1A75DB9E9093}.Debug|Any CPU.ActiveCfg = Debug|Any CPU
		{4BB8E0BE-D987-4CD2-B813-1A75DB9E9093}.Debug|Any CPU.Build.0 = Debug|Any CPU
		{4BB8E0BE-D987-4CD2-B813-1A75DB9E9093}.Release|Any CPU.ActiveCfg = Release|Any CPU
		{4BB8E0BE-D987-4CD2-B813-1A75DB9E9093}.Release|Any CPU.Build.0 = Release|Any CPU
	EndGlobalSection
EndGlobal
